// !$*UTF8*$!
{
	archiveVersion = 1;
	classes = {
	};
	objectVersion = 50;
	objects = {

/* Begin PBXBuildFile section */
		C4CF214B2265878C00183908 /* AppDelegate.m in Sources */ = {isa = PBXBuildFile; fileRef = C4CF214A2265878C00183908 /* AppDelegate.m */; };
		C4CF214E2265878C00183908 /* ViewController.m in Sources */ = {isa = PBXBuildFile; fileRef = C4CF214D2265878C00183908 /* ViewController.m */; };
		C4CF21512265878C00183908 /* Main.storyboard in Resources */ = {isa = PBXBuildFile; fileRef = C4CF214F2265878C00183908 /* Main.storyboard */; };
		C4CF21532265879F00183908 /* Assets.xcassets in Resources */ = {isa = PBXBuildFile; fileRef = C4CF21522265879F00183908 /* Assets.xcassets */; };
		C4CF21562265879F00183908 /* LaunchScreen.storyboard in Resources */ = {isa = PBXBuildFile; fileRef = C4CF21542265879F00183908 /* LaunchScreen.storyboard */; };
		C4CF21592265879F00183908 /* main.m in Sources */ = {isa = PBXBuildFile; fileRef = C4CF21582265879F00183908 /* main.m */; };
		C4CF2162226587F900183908 /* BFsiphoneAssistant.m in Sources */ = {isa = PBXBuildFile; fileRef = C4CF2161226587F900183908 /* BFsiphoneAssistant.m */; };
/* End PBXBuildFile section */

/* Begin PBXFileReference section */
		C4CF21462265878C00183908 /* BFsiPhoneAssistant.app */ = {isa = PBXFileReference; explicitFileType = wrapper.application; includeInIndex = 0; path = BFsiPhoneAssistant.app; sourceTree = BUILT_PRODUCTS_DIR; };
		C4CF21492265878C00183908 /* AppDelegate.h */ = {isa = PBXFileReference; lastKnownFileType = sourcecode.c.h; path = AppDelegate.h; sourceTree = "<group>"; };
		C4CF214A2265878C00183908 /* AppDelegate.m */ = {isa = PBXFileReference; lastKnownFileType = sourcecode.c.objc; path = AppDelegate.m; sourceTree = "<group>"; };
		C4CF214C2265878C00183908 /* ViewController.h */ = {isa = PBXFileReference; lastKnownFileType = sourcecode.c.h; path = ViewController.h; sourceTree = "<group>"; };
		C4CF214D2265878C00183908 /* ViewController.m */ = {isa = PBXFileReference; lastKnownFileType = sourcecode.c.objc; path = ViewController.m; sourceTree = "<group>"; };
		C4CF21502265878C00183908 /* Base */ = {isa = PBXFileReference; lastKnownFileType = file.storyboard; name = Base; path = Base.lproj/Main.storyboard; sourceTree = "<group>"; };
		C4CF21522265879F00183908 /* Assets.xcassets */ = {isa = PBXFileReference; lastKnownFileType = folder.assetcatalog; path = Assets.xcassets; sourceTree = "<group>"; };
		C4CF21552265879F00183908 /* Base */ = {isa = PBXFileReference; lastKnownFileType = file.storyboard; name = Base; path = Base.lproj/LaunchScreen.storyboard; sourceTree = "<group>"; };
		C4CF21572265879F00183908 /* Info.plist */ = {isa = PBXFileReference; lastKnownFileType = text.plist.xml; path = Info.plist; sourceTree = "<group>"; };
		C4CF21582265879F00183908 /* main.m */ = {isa = PBXFileReference; lastKnownFileType = sourcecode.c.objc; path = main.m; sourceTree = "<group>"; };
		C4CF2160226587F900183908 /* BFsiphoneAssistant.h */ = {isa = PBXFileReference; lastKnownFileType = sourcecode.c.h; path = BFsiphoneAssistant.h; sourceTree = "<group>"; };
		C4CF2161226587F900183908 /* BFsiphoneAssistant.m */ = {isa = PBXFileReference; lastKnownFileType = sourcecode.c.objc; path = BFsiphoneAssistant.m; sourceTree = "<group>"; };
/* End PBXFileReference section */

/* Begin PBXFrameworksBuildPhase section */
		C4CF21432265878C00183908 /* Frameworks */ = {
			isa = PBXFrameworksBuildPhase;
			buildActionMask = 2147483647;
			files = (
			);
			runOnlyForDeploymentPostprocessing = 0;
		};
/* End PBXFrameworksBuildPhase section */

/* Begin PBXGroup section */
		C4CF213D2265878C00183908 = {
			isa = PBXGroup;
			children = (
				C4CF21482265878C00183908 /* BFsiPhoneAssistant */,
				C4CF21472265878C00183908 /* Products */,
			);
			sourceTree = "<group>";
		};
		C4CF21472265878C00183908 /* Products */ = {
			isa = PBXGroup;
			children = (
				C4CF21462265878C00183908 /* BFsiPhoneAssistant.app */,
			);
			name = Products;
			sourceTree = "<group>";
		};
		C4CF21482265878C00183908 /* BFsiPhoneAssistant */ = {
			isa = PBXGroup;
			children = (
				C4CF215F226587D300183908 /* Module */,
				C4CF21492265878C00183908 /* AppDelegate.h */,
				C4CF214A2265878C00183908 /* AppDelegate.m */,
				C4CF214C2265878C00183908 /* ViewController.h */,
				C4CF214D2265878C00183908 /* ViewController.m */,
				C4CF214F2265878C00183908 /* Main.storyboard */,
				C4CF21522265879F00183908 /* Assets.xcassets */,
				C4CF21542265879F00183908 /* LaunchScreen.storyboard */,
				C4CF21572265879F00183908 /* Info.plist */,
				C4CF21582265879F00183908 /* main.m */,
			);
			path = BFsiPhoneAssistant;
			sourceTree = "<group>";
		};
		C4CF215F226587D300183908 /* Module */ = {
			isa = PBXGroup;
			children = (
				C4CF2160226587F900183908 /* BFsiphoneAssistant.h */,
				C4CF2161226587F900183908 /* BFsiphoneAssistant.m */,
			);
			path = Module;
			sourceTree = "<group>";
		};
/* End PBXGroup section */

/* Begin PBXNativeTarget section */
		C4CF21452265878C00183908 /* BFsiPhoneAssistant */ = {
			isa = PBXNativeTarget;
			buildConfigurationList = C4CF215C2265879F00183908 /* Build configuration list for PBXNativeTarget "BFsiPhoneAssistant" */;
			buildPhases = (
				C4CF21422265878C00183908 /* Sources */,
				C4CF21432265878C00183908 /* Frameworks */,
				C4CF21442265878C00183908 /* Resources */,
			);
			buildRules = (
			);
			dependencies = (
			);
			name = BFsiPhoneAssistant;
			productName = BFsiPhoneAssistant;
			productReference = C4CF21462265878C00183908 /* BFsiPhoneAssistant.app */;
			productType = "com.apple.product-type.application";
		};
/* End PBXNativeTarget section */

/* Begin PBXProject section */
		C4CF213E2265878C00183908 /* Project object */ = {
			isa = PBXProject;
			attributes = {
				LastUpgradeCheck = 1010;
				ORGANIZATIONNAME = BFs;
				TargetAttributes = {
					C4CF21452265878C00183908 = {
						CreatedOnToolsVersion = 10.1;
					};
				};
			};
			buildConfigurationList = C4CF21412265878C00183908 /* Build configuration list for PBXProject "BFsiPhoneAssistant" */;
			compatibilityVersion = "Xcode 9.3";
			developmentRegion = en;
			hasScannedForEncodings = 0;
			knownRegions = (
				en,
				Base,
			);
			mainGroup = C4CF213D2265878C00183908;
			productRefGroup = C4CF21472265878C00183908 /* Products */;
			projectDirPath = "";
			projectRoot = "";
			targets = (
				C4CF21452265878C00183908 /* BFsiPhoneAssistant */,
			);
		};
/* End PBXProject section */

/* Begin PBXResourcesBuildPhase section */
		C4CF21442265878C00183908 /* Resources */ = {
			isa = PBXResourcesBuildPhase;
			buildActionMask = 2147483647;
			files = (
				C4CF21562265879F00183908 /* LaunchScreen.storyboard in Resources */,
				C4CF21532265879F00183908 /* Assets.xcassets in Resources */,
				C4CF21512265878C00183908 /* Main.storyboard in Resources */,
			);
			runOnlyForDeploymentPostprocessing = 0;
		};
/* End PBXResourcesBuildPhase section */

/* Begin PBXSourcesBuildPhase section */
		C4CF21422265878C00183908 /* Sources */ = {
			isa = PBXSourcesBuildPhase;
			buildActionMask = 2147483647;
			files = (
				C4CF214E2265878C00183908 /* ViewController.m in Sources */,
				C4CF21592265879F00183908 /* main.m in Sources */,
				C4CF214B2265878C00183908 /* AppDelegate.m in Sources */,
				C4CF2162226587F900183908 /* BFsiphoneAssistant.m in Sources */,
			);
			runOnlyForDeploymentPostprocessing = 0;
		};
/* End PBXSourcesBuildPhase section */

/* Begin PBXVariantGroup section */
		C4CF214F2265878C00183908 /* Main.storyboard */ = {
			isa = PBXVariantGroup;
			children = (
				C4CF21502265878C00183908 /* Base */,
			);
			name = Main.storyboard;
			sourceTree = "<group>";
		};
		C4CF21542265879F00183908 /* LaunchScreen.storyboard */ = {
			isa = PBXVariantGroup;
			children = (
				C4CF21552265879F00183908 /* Base */,
			);
			name = LaunchScreen.storyboard;
			sourceTree = "<group>";
		};
/* End PBXVariantGroup section */

/* Begin XCBuildConfiguration section */
		C4CF215A2265879F00183908 /* Debug */ = {
			isa = XCBuildConfiguration;
			buildSettings = {
				ALWAYS_SEARCH_USER_PATHS = NO;
				CLANG_ANALYZER_NONNULL = YES;
				CLANG_ANALYZER_NUMBER_OBJECT_CONVERSION = YES_AGGRESSIVE;
				CLANG_CXX_LANGUAGE_STANDARD = "gnu++14";
				CLANG_CXX_LIBRARY = "libc++";
				CLANG_ENABLE_MODULES = YES;
				CLANG_ENABLE_OBJC_ARC = YES;
				CLANG_ENABLE_OBJC_WEAK = YES;
				CLANG_WARN_BLOCK_CAPTURE_AUTORELEASING = YES;
				CLANG_WARN_BOOL_CONVERSION = YES;
				CLANG_WARN_COMMA = YES;
				CLANG_WARN_CONSTANT_CONVERSION = YES;
				CLANG_WARN_DEPRECATED_OBJC_IMPLEMENTATIONS = YES;
				CLANG_WARN_DIRECT_OBJC_ISA_USAGE = YES_ERROR;
				CLANG_WARN_DOCUMENTATION_COMMENTS = YES;
				CLANG_WARN_EMPTY_BODY = YES;
				CLANG_WARN_ENUM_CONVERSION = YES;
				CLANG_WARN_INFINITE_RECURSION = YES;
				CLANG_WARN_INT_CONVERSION = YES;
				CLANG_WARN_NON_LITERAL_NULL_CONVERSION = YES;
				CLANG_WARN_OBJC_IMPLICIT_RETAIN_SELF = YES;
				CLANG_WARN_OBJC_LITERAL_CONVERSION = YES;
				CLANG_WARN_OBJC_ROOT_CLASS = YES_ERROR;
				CLANG_WARN_RANGE_LOOP_ANALYSIS = YES;
				CLANG_WARN_STRICT_PROTOTYPES = YES;
				CLANG_WARN_SUSPICIOUS_MOVE = YES;
				CLANG_WARN_UNGUARDED_AVAILABILITY = YES_AGGRESSIVE;
				CLANG_WARN_UNREACHABLE_CODE = YES;
				CLANG_WARN__DUPLICATE_METHOD_MATCH = YES;
				CODE_SIGN_IDENTITY = "iPhone Developer";
				COPY_PHASE_STRIP = NO;
				DEBUG_INFORMATION_FORMAT = dwarf;
				ENABLE_STRICT_OBJC_MSGSEND = YES;
				ENABLE_TESTABILITY = YES;
				GCC_C_LANGUAGE_STANDARD = gnu11;
				GCC_DYNAMIC_NO_PIC = NO;
				GCC_NO_COMMON_BLOCKS = YES;
				GCC_OPTIMIZATION_LEVEL = 0;
				GCC_PREPROCESSOR_DEFINITIONS = (
					"DEBUG=1",
					"$(inherited)",
				);
				GCC_WARN_64_TO_32_BIT_CONVERSION = YES;
				GCC_WARN_ABOUT_RETURN_TYPE = YES_ERROR;
				GCC_WARN_UNDECLARED_SELECTOR = YES;
				GCC_WARN_UNINITIALIZED_AUTOS = YES_AGGRESSIVE;
				GCC_WARN_UNUSED_FUNCTION = YES;
				GCC_WARN_UNUSED_VARIABLE = YES;
				IPHONEOS_DEPLOYMENT_TARGET = 12.1;
				MTL_ENABLE_DEBUG_INFO = INCLUDE_SOURCE;
				MTL_FAST_MATH = YES;
				ONLY_ACTIVE_ARCH = YES;
				SDKROOT = iphoneos;
			};
			name = Debug;
		};
		C4CF215B2265879F00183908 /* Release */ = {
			isa = XCBuildConfiguration;
			buildSettings = {
				ALWAYS_SEARCH_USER_PATHS = NO;
				CLANG_ANALYZER_NONNULL = YES;
				CLANG_ANALYZER_NUMBER_OBJECT_CONVERSION = YES_AGGRESSIVE;
				CLANG_CXX_LANGUAGE_STANDARD = "gnu++14";
				CLANG_CXX_LIBRARY = "libc++";
				CLANG_ENABLE_MODULES = YES;
				CLANG_ENABLE_OBJC_ARC = YES;
				CLANG_ENABLE_OBJC_WEAK = YES;
				CLANG_WARN_BLOCK_CAPTURE_AUTORELEASING = YES;
				CLANG_WARN_BOOL_CONVERSION = YES;
				CLANG_WARN_COMMA = YES;
				CLANG_WARN_CONSTANT_CONVERSION = YES;
				CLANG_WARN_DEPRECATED_OBJC_IMPLEMENTATIONS = YES;
				CLANG_WARN_DIRECT_OBJC_ISA_USAGE = YES_ERROR;
				CLANG_WARN_DOCUMENTATION_COMMENTS = YES;
				CLANG_WARN_EMPTY_BODY = YES;
				CLANG_WARN_ENUM_CONVERSION = YES;
				CLANG_WARN_INFINITE_RECURSION = YES;
				CLANG_WARN_INT_CONVERSION = YES;
				CLANG_WARN_NON_LITERAL_NULL_CONVERSION = YES;
				CLANG_WARN_OBJC_IMPLICIT_RETAIN_SELF = YES;
				CLANG_WARN_OBJC_LITERAL_CONVERSION = YES;
				CLANG_WARN_OBJC_ROOT_CLASS = YES_ERROR;
				CLANG_WARN_RANGE_LOOP_ANALYSIS = YES;
				CLANG_WARN_STRICT_PROTOTYPES = YES;
				CLANG_WARN_SUSPICIOUS_MOVE = YES;
				CLANG_WARN_UNGUARDED_AVAILABILITY = YES_AGGRESSIVE;
				CLANG_WARN_UNREACHABLE_CODE = YES;
				CLANG_WARN__DUPLICATE_METHOD_MATCH = YES;
				CODE_SIGN_IDENTITY = "iPhone Developer";
				COPY_PHASE_STRIP = NO;
				DEBUG_INFORMATION_FORMAT = "dwarf-with-dsym";
				ENABLE_NS_ASSERTIONS = NO;
				ENABLE_STRICT_OBJC_MSGSEND = YES;
				GCC_C_LANGUAGE_STANDARD = gnu11;
				GCC_NO_COMMON_BLOCKS = YES;
				GCC_WARN_64_TO_32_BIT_CONVERSION = YES;
				GCC_WARN_ABOUT_RETURN_TYPE = YES_ERROR;
				GCC_WARN_UNDECLARED_SELECTOR = YES;
				GCC_WARN_UNINITIALIZED_AUTOS = YES_AGGRESSIVE;
				GCC_WARN_UNUSED_FUNCTION = YES;
				GCC_WARN_UNUSED_VARIABLE = YES;
				IPHONEOS_DEPLOYMENT_TARGET = 12.1;
				MTL_ENABLE_DEBUG_INFO = NO;
				MTL_FAST_MATH = YES;
				SDKROOT = iphoneos;
				VALIDATE_PRODUCT = YES;
			};
			name = Release;
		};
		C4CF215D2265879F00183908 /* Debug */ = {
			isa = XCBuildConfiguration;
			buildSettings = {
				ASSETCATALOG_COMPILER_APPICON_NAME = AppIcon;
				CODE_SIGN_STYLE = Automatic;
				DEVELOPMENT_TEAM = 6C3S2B3BGX;
				INFOPLIST_FILE = BFsiPhoneAssistant/Info.plist;
				IPHONEOS_DEPLOYMENT_TARGET = 9.0;
				LD_RUNPATH_SEARCH_PATHS = (
					"$(inherited)",
					"@executable_path/Frameworks",
				);
				PRODUCT_BUNDLE_IDENTIFIER = com.TestAppIDs.BFsiPhoneAssistant;
				PRODUCT_NAME = "$(TARGET_NAME)";
				TARGETED_DEVICE_FAMILY = "1,2";
			};
			name = Debug;
		};
		C4CF215E2265879F00183908 /* Release */ = {
			isa = XCBuildConfiguration;
			buildSettings = {
				ASSETCATALOG_COMPILER_APPICON_NAME = AppIcon;
				CODE_SIGN_STYLE = Automatic;
				DEVELOPMENT_TEAM = 6C3S2B3BGX;
				INFOPLIST_FILE = BFsiPhoneAssistant/Info.plist;
				IPHONEOS_DEPLOYMENT_TARGET = 9.0;
				LD_RUNPATH_SEARCH_PATHS = (
					"$(inherited)",
					"@executable_path/Frameworks",
				);
				PRODUCT_BUNDLE_IDENTIFIER = com.TestAppIDs.BFsiPhoneAssistant;
				PRODUCT_NAME = "$(TARGET_NAME)";
				TARGETED_DEVICE_FAMILY = "1,2";
			};
			name = Release;
		};
/* End XCBuildConfiguration section */

/* Begin XCConfigurationList section */
		C4CF21412265878C00183908 /* Build configuration list for PBXProject "BFsiPhoneAssistant" */ = {
			isa = XCConfigurationList;
			buildConfigurations = (
				C4CF215A2265879F00183908 /* Debug */,
				C4CF215B2265879F00183908 /* Release */,
			);
			defaultConfigurationIsVisible = 0;
			defaultConfigurationName = Release;
		};
		C4CF215C2265879F00183908 /* Build configuration list for PBXNativeTarget "BFsiPhoneAssistant" */ = {
			isa = XCConfigurationList;
			buildConfigurations = (
				C4CF215D2265879F00183908 /* Debug */,
				C4CF215E2265879F00183908 /* Release */,
			);
			defaultConfigurationIsVisible = 0;
			defaultConfigurationName = Release;
		};
/* End XCConfigurationList section */
	};
	rootObject = C4CF213E2265878C00183908 /* Project object */;
}
